
Microsoft Visual Studio Solution File, Format Version 12.00
# Visual Studio Version 17
VisualStudioVersion = 17.6.33723.286
MinimumVisualStudioVersion = 10.0.40219.1
Project("{FAE04EC0-301F-11D3-BF4B-00C04F79EFBC}") = "HotelDaisy", "HotelDaisy\HotelDaisy.csproj", "{14A13526-A2D8-44F2-BB7F-7F6B85B1D2E3}"
EndProject
Global
	GlobalSection(SolutionConfigurationPlatforms) = preSolution
		Debug|Any CPU = Debug|Any CPU
		Release|Any CPU = Release|Any CPU
	EndGlobalSection
	GlobalSection(ProjectConfigurationPlatforms) = postSolution
		{14A13526-A2D8-44F2-BB7F-7F6B85B1D2E3}.Debug|Any CPU.ActiveCfg = Debug|Any CPU
		{14A13526-A2D8-44F2-BB7F-7F6B85B1D2E3}.Debug|Any CPU.Build.0 = Debug|Any CPU
		{14A13526-A2D8-44F2-BB7F-7F6B85B1D2E3}.Release|Any CPU.ActiveCfg = Release|Any CPU
		{14A13526-A2D8-44F2-BB7F-7F6B85B1D2E3}.Release|Any CPU.Build.0 = Release|Any CPU
	EndGlobalSection
	GlobalSection(SolutionProperties) = preSolution
		HideSolutionNode = FALSE
	EndGlobalSection
	GlobalSection(ExtensibilityGlobals) = postSolution
		SolutionGuid = {38558F15-2808-49E4-8A09-E00574BB1801}
	EndGlobalSection
EndGlobal
